
Microsoft Visual Studio Solution File, Format Version 12.00
Project("{FAE04EC0-301F-11D3-BF4B-00C04F79EFBC}") = "MessageStorage", "MessageStorage\MessageStorage.csproj", "{8F08E535-F431-4383-A6B9-D0AF8168BD49}"
EndProject
Project("{2150E333-8FDC-42A3-9474-1A3956D46DE8}") = "Samples", "Samples", "{E04ABF64-B3EE-4DFB-B7EC-2422CDA930EE}"
EndProject
Project("{FAE04EC0-301F-11D3-BF4B-00C04F79EFBC}") = "MessageStorage.SqlServer", "MessageStorage.SqlServer\MessageStorage.SqlServer.csproj", "{A43DD7C6-3E4F-4A8E-A874-A353BE264636}"
EndProject
Project("{2150E333-8FDC-42A3-9474-1A3956D46DE8}") = "ConfigFiles", "ConfigFiles", "{77D0789B-878F-4B9C-AF28-13C471A7B0FB}"
ProjectSection(SolutionItems) = preProject
	Directory.Build.props = Directory.Build.props
	.gitattributes = .gitattributes
	.gitignore = .gitignore
	NuGet.config = NuGet.config
EndProjectSection
EndProject
Project("{FAE04EC0-301F-11D3-BF4B-00C04F79EFBC}") = "MessageStorage.DI.Extension", "MessageStorage.DI.Extension\MessageStorage.DI.Extension.csproj", "{F576D9D8-BCDA-4FAD-9208-7C8C911DFDCE}"
EndProject
Project("{FAE04EC0-301F-11D3-BF4B-00C04F79EFBC}") = "AccountWebApi", "Samples\AccountWebApi\AccountWebApi.csproj", "{FF0A4C46-8809-4A18-9547-DD44BC2AA8ED}"
EndProject
Project("{2150E333-8FDC-42A3-9474-1A3956D46DE8}") = "Tests", "Tests", "{F55E2E17-DCE6-4DD7-B7F9-9811D392BFF8}"
EndProject
Project("{2150E333-8FDC-42A3-9474-1A3956D46DE8}") = "BuildFiles", "BuildFiles", "{000421DC-3427-4488-B07E-149962978801}"
ProjectSection(SolutionItems) = preProject
	.github\workflows\github.yml = .github\workflows\github.yml
	appveyor.yml = appveyor.yml
	bitbucket-pipelines.yml = bitbucket-pipelines.yml
	build.cake = build.cake
	build.config = build.config
	build.ps1 = build.ps1
	build.sh = build.sh
EndProjectSection
EndProject
Project("{2150E333-8FDC-42A3-9474-1A3956D46DE8}") = "SolutionFolder", "SolutionFolder", "{2E594FC6-8950-43EC-8306-EA48D4F33DBC}"
ProjectSection(SolutionItems) = preProject
	ReadMe.md = ReadMe.md
	License = License
EndProjectSection
EndProject
Project("{FAE04EC0-301F-11D3-BF4B-00C04F79EFBC}") = "MessageStorage.SqlServer.DI.Extension", "MessageStorage.SqlServer.DI.Extension\MessageStorage.SqlServer.DI.Extension.csproj", "{9CE3AC74-4388-4B1D-961E-747E1D879FC8}"
EndProject
Project("{FAE04EC0-301F-11D3-BF4B-00C04F79EFBC}") = "IntegrationTest.MessageStorage.SqlServer", "Tests\IntegrationTest.MessageStorage.SqlServer\IntegrationTest.MessageStorage.SqlServer.csproj", "{629A1799-4E0B-4CCD-B6B3-7742E67D7F02}"
EndProject
Project("{FAE04EC0-301F-11D3-BF4B-00C04F79EFBC}") = "MessageStorage.AspNetCore", "MessageStorage.AspNetCore\MessageStorage.AspNetCore.csproj", "{21374F50-AC22-40B8-A6D7-ECFB21D32418}"
EndProject
Project("{FAE04EC0-301F-11D3-BF4B-00C04F79EFBC}") = "IntegrationTest.MessageStorage.SqlServer.DI.Extension", "Tests\IntegrationTest.MessageStorage.SqlServer.DI.Extension\IntegrationTest.MessageStorage.SqlServer.DI.Extension.csproj", "{7161F3EF-4C2D-47BD-8E53-31048ED3A5AA}"
EndProject
Global
	GlobalSection(SolutionConfigurationPlatforms) = preSolution
		Debug|Any CPU = Debug|Any CPU
		Release|Any CPU = Release|Any CPU
	EndGlobalSection
	GlobalSection(ProjectConfigurationPlatforms) = postSolution
		{8F08E535-F431-4383-A6B9-D0AF8168BD49}.Debug|Any CPU.ActiveCfg = Debug|Any CPU
		{8F08E535-F431-4383-A6B9-D0AF8168BD49}.Debug|Any CPU.Build.0 = Debug|Any CPU
		{8F08E535-F431-4383-A6B9-D0AF8168BD49}.Release|Any CPU.ActiveCfg = Release|Any CPU
		{8F08E535-F431-4383-A6B9-D0AF8168BD49}.Release|Any CPU.Build.0 = Release|Any CPU
		{A43DD7C6-3E4F-4A8E-A874-A353BE264636}.Debug|Any CPU.ActiveCfg = Debug|Any CPU
		{A43DD7C6-3E4F-4A8E-A874-A353BE264636}.Debug|Any CPU.Build.0 = Debug|Any CPU
		{A43DD7C6-3E4F-4A8E-A874-A353BE264636}.Release|Any CPU.ActiveCfg = Release|Any CPU
		{A43DD7C6-3E4F-4A8E-A874-A353BE264636}.Release|Any CPU.Build.0 = Release|Any CPU
		{F576D9D8-BCDA-4FAD-9208-7C8C911DFDCE}.Debug|Any CPU.ActiveCfg = Debug|Any CPU
		{F576D9D8-BCDA-4FAD-9208-7C8C911DFDCE}.Debug|Any CPU.Build.0 = Debug|Any CPU
		{F576D9D8-BCDA-4FAD-9208-7C8C911DFDCE}.Release|Any CPU.ActiveCfg = Release|Any CPU
		{F576D9D8-BCDA-4FAD-9208-7C8C911DFDCE}.Release|Any CPU.Build.0 = Release|Any CPU
		{FF0A4C46-8809-4A18-9547-DD44BC2AA8ED}.Debug|Any CPU.ActiveCfg = Debug|Any CPU
		{FF0A4C46-8809-4A18-9547-DD44BC2AA8ED}.Debug|Any CPU.Build.0 = Debug|Any CPU
		{FF0A4C46-8809-4A18-9547-DD44BC2AA8ED}.Release|Any CPU.ActiveCfg = Release|Any CPU
		{FF0A4C46-8809-4A18-9547-DD44BC2AA8ED}.Release|Any CPU.Build.0 = Release|Any CPU
		{9CE3AC74-4388-4B1D-961E-747E1D879FC8}.Debug|Any CPU.ActiveCfg = Debug|Any CPU
		{9CE3AC74-4388-4B1D-961E-747E1D879FC8}.Debug|Any CPU.Build.0 = Debug|Any CPU
		{9CE3AC74-4388-4B1D-961E-747E1D879FC8}.Release|Any CPU.ActiveCfg = Release|Any CPU
		{9CE3AC74-4388-4B1D-961E-747E1D879FC8}.Release|Any CPU.Build.0 = Release|Any CPU
		{629A1799-4E0B-4CCD-B6B3-7742E67D7F02}.Debug|Any CPU.ActiveCfg = Debug|Any CPU
		{629A1799-4E0B-4CCD-B6B3-7742E67D7F02}.Debug|Any CPU.Build.0 = Debug|Any CPU
		{629A1799-4E0B-4CCD-B6B3-7742E67D7F02}.Release|Any CPU.ActiveCfg = Release|Any CPU
		{629A1799-4E0B-4CCD-B6B3-7742E67D7F02}.Release|Any CPU.Build.0 = Release|Any CPU
		{21374F50-AC22-40B8-A6D7-ECFB21D32418}.Debug|Any CPU.ActiveCfg = Debug|Any CPU
		{21374F50-AC22-40B8-A6D7-ECFB21D32418}.Debug|Any CPU.Build.0 = Debug|Any CPU
		{21374F50-AC22-40B8-A6D7-ECFB21D32418}.Release|Any CPU.ActiveCfg = Release|Any CPU
		{21374F50-AC22-40B8-A6D7-ECFB21D32418}.Release|Any CPU.Build.0 = Release|Any CPU
		{7161F3EF-4C2D-47BD-8E53-31048ED3A5AA}.Debug|Any CPU.ActiveCfg = Debug|Any CPU
		{7161F3EF-4C2D-47BD-8E53-31048ED3A5AA}.Debug|Any CPU.Build.0 = Debug|Any CPU
		{7161F3EF-4C2D-47BD-8E53-31048ED3A5AA}.Release|Any CPU.ActiveCfg = Release|Any CPU
		{7161F3EF-4C2D-47BD-8E53-31048ED3A5AA}.Release|Any CPU.Build.0 = Release|Any CPU
	EndGlobalSection
	GlobalSection(NestedProjects) = preSolution
		{FF0A4C46-8809-4A18-9547-DD44BC2AA8ED} = {E04ABF64-B3EE-4DFB-B7EC-2422CDA930EE}
		{629A1799-4E0B-4CCD-B6B3-7742E67D7F02} = {F55E2E17-DCE6-4DD7-B7F9-9811D392BFF8}
		{7161F3EF-4C2D-47BD-8E53-31048ED3A5AA} = {F55E2E17-DCE6-4DD7-B7F9-9811D392BFF8}
	EndGlobalSection
EndGlobal
