
Microsoft Visual Studio Solution File, Format Version 12.00
Project("{2150E333-8FDC-42A3-9474-1A3956D46DE8}") = "CI", "CI", "{7BE09B1A-3586-4355-9C50-71ABB11AC6F3}"
ProjectSection(SolutionItems) = preProject
	build.cake = build.cake
	build.sh = build.sh
	.github\workflows\github.yml = .github\workflows\github.yml
	.travis.yml = .travis.yml
EndProjectSection
EndProject
Project("{2150E333-8FDC-42A3-9474-1A3956D46DE8}") = "ConfigurationFolder", "ConfigurationFolder", "{13713C5A-D08E-4E82-A266-807B26013DF9}"
ProjectSection(SolutionItems) = preProject
	.gitattributes = .gitattributes
	.gitignore = .gitignore
	Directory.Build.props = Directory.Build.props
	MessageStorage.sln.DotSettings = MessageStorage.sln.DotSettings
	.config\dotnet-tools.json = .config\dotnet-tools.json
EndProjectSection
EndProject
Project("{2150E333-8FDC-42A3-9474-1A3956D46DE8}") = "Doc", "Doc", "{72D6DED2-9CF3-4E1B-A337-73A7D1E3EF7C}"
ProjectSection(SolutionItems) = preProject
	Doc\.DS_Store = Doc\.DS_Store
	README.md = README.md
EndProjectSection
EndProject
Project("{2150E333-8FDC-42A3-9474-1A3956D46DE8}") = "Samples", "Samples", "{033D0F1F-CF23-46CF-90CE-C53CFA85FB8C}"
EndProject
Project("{2150E333-8FDC-42A3-9474-1A3956D46DE8}") = "Src", "Src", "{7F0B98FC-0C28-41D8-9FB1-8D25F507D05F}"
EndProject
Project("{2150E333-8FDC-42A3-9474-1A3956D46DE8}") = "Tests", "Tests", "{2E2B0DF5-D4D6-43D7-AB7A-F51B52DBD4C3}"
EndProject
Project("{FAE04EC0-301F-11D3-BF4B-00C04F79EFBC}") = "MessageStorage", "Src\MessageStorage\MessageStorage.csproj", "{189FAB50-9ACF-4E63-9170-6D96AF768ECD}"
EndProject
Project("{FAE04EC0-301F-11D3-BF4B-00C04F79EFBC}") = "MessageStorage.DependencyInjection", "Src\MessageStorage.DependencyInjection\MessageStorage.DependencyInjection.csproj", "{66CC02B0-A40C-4E9C-950C-5D960C3530A4}"
EndProject
Project("{FAE04EC0-301F-11D3-BF4B-00C04F79EFBC}") = "MessageStorage.Integration.MassTransit", "Src\MessageStorage.Integration.MassTransit\MessageStorage.Integration.MassTransit.csproj", "{2ACF8A45-03E6-42DC-A156-1AACD42BA414}"
EndProject
Project("{FAE04EC0-301F-11D3-BF4B-00C04F79EFBC}") = "MessageStorage.AspNetCore", "Src\MessageStorage.AspNetCore\MessageStorage.AspNetCore.csproj", "{FAF22838-2DF3-4C2B-856B-727C5EEB43B4}"
EndProject
Project("{FAE04EC0-301F-11D3-BF4B-00C04F79EFBC}") = "MessageStorage.Postgres", "Src\MessageStorage.Postgres\MessageStorage.Postgres.csproj", "{5D1F1216-F2E5-457C-B074-7D10A8BA3DB8}"
EndProject
Project("{FAE04EC0-301F-11D3-BF4B-00C04F79EFBC}") = "MessageStorage.Postgres.DependencyInjection", "Src\MessageStorage.Postgres.DependencyInjection\MessageStorage.Postgres.DependencyInjection.csproj", "{EE275707-09EB-400D-B603-66E7DB846ECE}"
EndProject
Project("{FAE04EC0-301F-11D3-BF4B-00C04F79EFBC}") = "MessageStorage.SqlServer", "Src\MessageStorage.SqlServer\MessageStorage.SqlServer.csproj", "{D0E52FD9-FA4F-4DE7-92BE-686D714C87A7}"
EndProject
Project("{FAE04EC0-301F-11D3-BF4B-00C04F79EFBC}") = "MessageStorage.SqlServer.DependencyInjection", "Src\MessageStorage.SqlServer.DependencyInjection\MessageStorage.SqlServer.DependencyInjection.csproj", "{C30FC1E0-87A5-4569-9A49-CF2F80EAC1ED}"
EndProject
Project("{FAE04EC0-301F-11D3-BF4B-00C04F79EFBC}") = "TestUtility", "Tests\TestUtility\TestUtility.csproj", "{760D9C26-976E-4512-AE79-3A7FA322C18D}"
EndProject
Project("{FAE04EC0-301F-11D3-BF4B-00C04F79EFBC}") = "MessageStorage.SqlServer.IntegrationTest", "Tests\MessageStorage.SqlServer.IntegrationTest\MessageStorage.SqlServer.IntegrationTest.csproj", "{C06E1B89-1708-49CA-805E-653CE4D466BC}"
EndProject
Project("{FAE04EC0-301F-11D3-BF4B-00C04F79EFBC}") = "MessageStorage.Postgres.IntegrationTest", "Tests\MessageStorage.Postgres.IntegrationTest\MessageStorage.Postgres.IntegrationTest.csproj", "{D74A24A5-7367-4CEC-B474-C03E4AAD92FC}"
EndProject
Project("{FAE04EC0-301F-11D3-BF4B-00C04F79EFBC}") = "MessageStorage.MultiClient.IntegrationTest", "Tests\MessageStorage.MultiClient.IntegrationTest\MessageStorage.MultiClient.IntegrationTest.csproj", "{AB6E61B6-6FCF-4711-89EF-415CB97B3043}"
EndProject
Project("{FAE04EC0-301F-11D3-BF4B-00C04F79EFBC}") = "MessageStorage.Integration.MassTransit.IntegrationTest", "Tests\MessageStorage.Integration.MassTransit.IntegrationTest\MessageStorage.Integration.MassTransit.IntegrationTest.csproj", "{54DDB447-A20D-4572-A089-EFBB20B42D73}"
EndProject
Project("{FAE04EC0-301F-11D3-BF4B-00C04F79EFBC}") = "MessageStorage.SqlServer.MemoryTest", "Tests\MessageStorage.SqlServer.MemoryTest\MessageStorage.SqlServer.MemoryTest.csproj", "{6FE98519-6A53-4F84-923B-4536ADA0466D}"
EndProject
Project("{FAE04EC0-301F-11D3-BF4B-00C04F79EFBC}") = "MessageStorage.Postgres.MemoryTest", "Tests\MessageStorage.Postgres.MemoryTest\MessageStorage.Postgres.MemoryTest.csproj", "{90C558A2-992E-487D-AF0B-EC614D26659E}"
EndProject
Project("{FAE04EC0-301F-11D3-BF4B-00C04F79EFBC}") = "FooManagement", "Samples\FooManagement\FooManagement.csproj", "{AA894683-D851-4763-87C9-0C85FEEA9350}"
EndProject
Global
	GlobalSection(SolutionConfigurationPlatforms) = preSolution
		Debug|Any CPU = Debug|Any CPU
		Release|Any CPU = Release|Any CPU
	EndGlobalSection
	GlobalSection(ProjectConfigurationPlatforms) = postSolution
		{189FAB50-9ACF-4E63-9170-6D96AF768ECD}.Debug|Any CPU.ActiveCfg = Debug|Any CPU
		{189FAB50-9ACF-4E63-9170-6D96AF768ECD}.Debug|Any CPU.Build.0 = Debug|Any CPU
		{189FAB50-9ACF-4E63-9170-6D96AF768ECD}.Release|Any CPU.ActiveCfg = Release|Any CPU
		{189FAB50-9ACF-4E63-9170-6D96AF768ECD}.Release|Any CPU.Build.0 = Release|Any CPU
		{66CC02B0-A40C-4E9C-950C-5D960C3530A4}.Debug|Any CPU.ActiveCfg = Debug|Any CPU
		{66CC02B0-A40C-4E9C-950C-5D960C3530A4}.Debug|Any CPU.Build.0 = Debug|Any CPU
		{66CC02B0-A40C-4E9C-950C-5D960C3530A4}.Release|Any CPU.ActiveCfg = Release|Any CPU
		{66CC02B0-A40C-4E9C-950C-5D960C3530A4}.Release|Any CPU.Build.0 = Release|Any CPU
		{2ACF8A45-03E6-42DC-A156-1AACD42BA414}.Debug|Any CPU.ActiveCfg = Debug|Any CPU
		{2ACF8A45-03E6-42DC-A156-1AACD42BA414}.Debug|Any CPU.Build.0 = Debug|Any CPU
		{2ACF8A45-03E6-42DC-A156-1AACD42BA414}.Release|Any CPU.ActiveCfg = Release|Any CPU
		{2ACF8A45-03E6-42DC-A156-1AACD42BA414}.Release|Any CPU.Build.0 = Release|Any CPU
		{FAF22838-2DF3-4C2B-856B-727C5EEB43B4}.Debug|Any CPU.ActiveCfg = Debug|Any CPU
		{FAF22838-2DF3-4C2B-856B-727C5EEB43B4}.Debug|Any CPU.Build.0 = Debug|Any CPU
		{FAF22838-2DF3-4C2B-856B-727C5EEB43B4}.Release|Any CPU.ActiveCfg = Release|Any CPU
		{FAF22838-2DF3-4C2B-856B-727C5EEB43B4}.Release|Any CPU.Build.0 = Release|Any CPU
		{5D1F1216-F2E5-457C-B074-7D10A8BA3DB8}.Debug|Any CPU.ActiveCfg = Debug|Any CPU
		{5D1F1216-F2E5-457C-B074-7D10A8BA3DB8}.Debug|Any CPU.Build.0 = Debug|Any CPU
		{5D1F1216-F2E5-457C-B074-7D10A8BA3DB8}.Release|Any CPU.ActiveCfg = Release|Any CPU
		{5D1F1216-F2E5-457C-B074-7D10A8BA3DB8}.Release|Any CPU.Build.0 = Release|Any CPU
		{EE275707-09EB-400D-B603-66E7DB846ECE}.Debug|Any CPU.ActiveCfg = Debug|Any CPU
		{EE275707-09EB-400D-B603-66E7DB846ECE}.Debug|Any CPU.Build.0 = Debug|Any CPU
		{EE275707-09EB-400D-B603-66E7DB846ECE}.Release|Any CPU.ActiveCfg = Release|Any CPU
		{EE275707-09EB-400D-B603-66E7DB846ECE}.Release|Any CPU.Build.0 = Release|Any CPU
		{D0E52FD9-FA4F-4DE7-92BE-686D714C87A7}.Debug|Any CPU.ActiveCfg = Debug|Any CPU
		{D0E52FD9-FA4F-4DE7-92BE-686D714C87A7}.Debug|Any CPU.Build.0 = Debug|Any CPU
		{D0E52FD9-FA4F-4DE7-92BE-686D714C87A7}.Release|Any CPU.ActiveCfg = Release|Any CPU
		{D0E52FD9-FA4F-4DE7-92BE-686D714C87A7}.Release|Any CPU.Build.0 = Release|Any CPU
		{C30FC1E0-87A5-4569-9A49-CF2F80EAC1ED}.Debug|Any CPU.ActiveCfg = Debug|Any CPU
		{C30FC1E0-87A5-4569-9A49-CF2F80EAC1ED}.Debug|Any CPU.Build.0 = Debug|Any CPU
		{C30FC1E0-87A5-4569-9A49-CF2F80EAC1ED}.Release|Any CPU.ActiveCfg = Release|Any CPU
		{C30FC1E0-87A5-4569-9A49-CF2F80EAC1ED}.Release|Any CPU.Build.0 = Release|Any CPU
		{760D9C26-976E-4512-AE79-3A7FA322C18D}.Debug|Any CPU.ActiveCfg = Debug|Any CPU
		{760D9C26-976E-4512-AE79-3A7FA322C18D}.Debug|Any CPU.Build.0 = Debug|Any CPU
		{760D9C26-976E-4512-AE79-3A7FA322C18D}.Release|Any CPU.ActiveCfg = Release|Any CPU
		{760D9C26-976E-4512-AE79-3A7FA322C18D}.Release|Any CPU.Build.0 = Release|Any CPU
		{C06E1B89-1708-49CA-805E-653CE4D466BC}.Debug|Any CPU.ActiveCfg = Debug|Any CPU
		{C06E1B89-1708-49CA-805E-653CE4D466BC}.Debug|Any CPU.Build.0 = Debug|Any CPU
		{C06E1B89-1708-49CA-805E-653CE4D466BC}.Release|Any CPU.ActiveCfg = Release|Any CPU
		{C06E1B89-1708-49CA-805E-653CE4D466BC}.Release|Any CPU.Build.0 = Release|Any CPU
		{D74A24A5-7367-4CEC-B474-C03E4AAD92FC}.Debug|Any CPU.ActiveCfg = Debug|Any CPU
		{D74A24A5-7367-4CEC-B474-C03E4AAD92FC}.Debug|Any CPU.Build.0 = Debug|Any CPU
		{D74A24A5-7367-4CEC-B474-C03E4AAD92FC}.Release|Any CPU.ActiveCfg = Release|Any CPU
		{D74A24A5-7367-4CEC-B474-C03E4AAD92FC}.Release|Any CPU.Build.0 = Release|Any CPU
		{AB6E61B6-6FCF-4711-89EF-415CB97B3043}.Debug|Any CPU.ActiveCfg = Debug|Any CPU
		{AB6E61B6-6FCF-4711-89EF-415CB97B3043}.Debug|Any CPU.Build.0 = Debug|Any CPU
		{AB6E61B6-6FCF-4711-89EF-415CB97B3043}.Release|Any CPU.ActiveCfg = Release|Any CPU
		{AB6E61B6-6FCF-4711-89EF-415CB97B3043}.Release|Any CPU.Build.0 = Release|Any CPU
		{54DDB447-A20D-4572-A089-EFBB20B42D73}.Debug|Any CPU.ActiveCfg = Debug|Any CPU
		{54DDB447-A20D-4572-A089-EFBB20B42D73}.Debug|Any CPU.Build.0 = Debug|Any CPU
		{54DDB447-A20D-4572-A089-EFBB20B42D73}.Release|Any CPU.ActiveCfg = Release|Any CPU
		{54DDB447-A20D-4572-A089-EFBB20B42D73}.Release|Any CPU.Build.0 = Release|Any CPU
		{6FE98519-6A53-4F84-923B-4536ADA0466D}.Debug|Any CPU.ActiveCfg = Debug|Any CPU
		{6FE98519-6A53-4F84-923B-4536ADA0466D}.Debug|Any CPU.Build.0 = Debug|Any CPU
		{6FE98519-6A53-4F84-923B-4536ADA0466D}.Release|Any CPU.ActiveCfg = Release|Any CPU
		{6FE98519-6A53-4F84-923B-4536ADA0466D}.Release|Any CPU.Build.0 = Release|Any CPU
		{90C558A2-992E-487D-AF0B-EC614D26659E}.Debug|Any CPU.ActiveCfg = Debug|Any CPU
		{90C558A2-992E-487D-AF0B-EC614D26659E}.Debug|Any CPU.Build.0 = Debug|Any CPU
		{90C558A2-992E-487D-AF0B-EC614D26659E}.Release|Any CPU.ActiveCfg = Release|Any CPU
		{90C558A2-992E-487D-AF0B-EC614D26659E}.Release|Any CPU.Build.0 = Release|Any CPU
		{AA894683-D851-4763-87C9-0C85FEEA9350}.Debug|Any CPU.ActiveCfg = Debug|Any CPU
		{AA894683-D851-4763-87C9-0C85FEEA9350}.Debug|Any CPU.Build.0 = Debug|Any CPU
		{AA894683-D851-4763-87C9-0C85FEEA9350}.Release|Any CPU.ActiveCfg = Release|Any CPU
		{AA894683-D851-4763-87C9-0C85FEEA9350}.Release|Any CPU.Build.0 = Release|Any CPU
	EndGlobalSection
	GlobalSection(NestedProjects) = preSolution
		{189FAB50-9ACF-4E63-9170-6D96AF768ECD} = {7F0B98FC-0C28-41D8-9FB1-8D25F507D05F}
		{66CC02B0-A40C-4E9C-950C-5D960C3530A4} = {7F0B98FC-0C28-41D8-9FB1-8D25F507D05F}
		{2ACF8A45-03E6-42DC-A156-1AACD42BA414} = {7F0B98FC-0C28-41D8-9FB1-8D25F507D05F}
		{FAF22838-2DF3-4C2B-856B-727C5EEB43B4} = {7F0B98FC-0C28-41D8-9FB1-8D25F507D05F}
		{5D1F1216-F2E5-457C-B074-7D10A8BA3DB8} = {7F0B98FC-0C28-41D8-9FB1-8D25F507D05F}
		{EE275707-09EB-400D-B603-66E7DB846ECE} = {7F0B98FC-0C28-41D8-9FB1-8D25F507D05F}
		{D0E52FD9-FA4F-4DE7-92BE-686D714C87A7} = {7F0B98FC-0C28-41D8-9FB1-8D25F507D05F}
		{C30FC1E0-87A5-4569-9A49-CF2F80EAC1ED} = {7F0B98FC-0C28-41D8-9FB1-8D25F507D05F}
		{760D9C26-976E-4512-AE79-3A7FA322C18D} = {2E2B0DF5-D4D6-43D7-AB7A-F51B52DBD4C3}
		{C06E1B89-1708-49CA-805E-653CE4D466BC} = {2E2B0DF5-D4D6-43D7-AB7A-F51B52DBD4C3}
		{D74A24A5-7367-4CEC-B474-C03E4AAD92FC} = {2E2B0DF5-D4D6-43D7-AB7A-F51B52DBD4C3}
		{AB6E61B6-6FCF-4711-89EF-415CB97B3043} = {2E2B0DF5-D4D6-43D7-AB7A-F51B52DBD4C3}
		{54DDB447-A20D-4572-A089-EFBB20B42D73} = {2E2B0DF5-D4D6-43D7-AB7A-F51B52DBD4C3}
		{6FE98519-6A53-4F84-923B-4536ADA0466D} = {2E2B0DF5-D4D6-43D7-AB7A-F51B52DBD4C3}
		{90C558A2-992E-487D-AF0B-EC614D26659E} = {2E2B0DF5-D4D6-43D7-AB7A-F51B52DBD4C3}
		{AA894683-D851-4763-87C9-0C85FEEA9350} = {033D0F1F-CF23-46CF-90CE-C53CFA85FB8C}
	EndGlobalSection
EndGlobal
